
Microsoft Visual Studio Solution File, Format Version 12.00
# Visual Studio Version 17
VisualStudioVersion = 17.9.34728.123
MinimumVisualStudioVersion = 10.0.40219.1
Project("{FAE04EC0-301F-11D3-BF4B-00C04F79EFBC}") = "InventoryManagement.Server", "InventoryManagement.Server\InventoryManagement.Server.csproj", "{8B6C0729-A755-4FF8-BE7A-98F59DA637D6}"
EndProject
Project("{54A90642-561A-4BB1-A94E-469ADEE60C69}") = "inventorymanagement.client", "inventorymanagement.client\inventorymanagement.client.esproj", "{761F9158-9072-4CB2-93AC-76F06C6D35FE}"
EndProject
Global
	GlobalSection(SolutionConfigurationPlatforms) = preSolution
		Debug|Any CPU = Debug|Any CPU
		Release|Any CPU = Release|Any CPU
	EndGlobalSection
	GlobalSection(ProjectConfigurationPlatforms) = postSolution
		{8B6C0729-A755-4FF8-BE7A-98F59DA637D6}.Debug|Any CPU.ActiveCfg = Debug|Any CPU
		{8B6C0729-A755-4FF8-BE7A-98F59DA637D6}.Debug|Any CPU.Build.0 = Debug|Any CPU
		{8B6C0729-A755-4FF8-BE7A-98F59DA637D6}.Release|Any CPU.ActiveCfg = Release|Any CPU
		{8B6C0729-A755-4FF8-BE7A-98F59DA637D6}.Release|Any CPU.Build.0 = Release|Any CPU
		{761F9158-9072-4CB2-93AC-76F06C6D35FE}.Debug|Any CPU.ActiveCfg = Debug|Any CPU
		{761F9158-9072-4CB2-93AC-76F06C6D35FE}.Debug|Any CPU.Build.0 = Debug|Any CPU
		{761F9158-9072-4CB2-93AC-76F06C6D35FE}.Debug|Any CPU.Deploy.0 = Debug|Any CPU
		{761F9158-9072-4CB2-93AC-76F06C6D35FE}.Release|Any CPU.ActiveCfg = Release|Any CPU
		{761F9158-9072-4CB2-93AC-76F06C6D35FE}.Release|Any CPU.Build.0 = Release|Any CPU
		{761F9158-9072-4CB2-93AC-76F06C6D35FE}.Release|Any CPU.Deploy.0 = Release|Any CPU
	EndGlobalSection
	GlobalSection(SolutionProperties) = preSolution
		HideSolutionNode = FALSE
	EndGlobalSection
	GlobalSection(ExtensibilityGlobals) = postSolution
		SolutionGuid = {CF4E711D-A803-47D6-A1DA-CC6C142B713B}
	EndGlobalSection
EndGlobal
